
Microsoft Visual Studio Solution File, Format Version 12.00
# Visual Studio Version 16
VisualStudioVersion = 16.0.29215.179
MinimumVisualStudioVersion = 10.0.40219.1
Project("{FAE04EC0-301F-11D3-BF4B-00C04F79EFBC}") = "CoreConsoleApp", "CoreConsoleApp\CoreConsoleApp.csproj", "{1BA87031-7B58-48D6-AC71-30E610556266}"
EndProject
Project("{FAE04EC0-301F-11D3-BF4B-00C04F79EFBC}") = "NetClassicConsoleApp", "NetClassicConsoleApp\NetClassicConsoleApp.csproj", "{6933CD7E-2BF7-43FC-966E-FB8D1BF3754C}"
EndProject
Global
	GlobalSection(SolutionConfigurationPlatforms) = preSolution
		Debug|Any CPU = Debug|Any CPU
		Release|Any CPU = Release|Any CPU
	EndGlobalSection
	GlobalSection(ProjectConfigurationPlatforms) = postSolution
		{1BA87031-7B58-48D6-AC71-30E610556266}.Debug|Any CPU.ActiveCfg = Debug|Any CPU
		{1BA87031-7B58-48D6-AC71-30E610556266}.Debug|Any CPU.Build.0 = Debug|Any CPU
		{1BA87031-7B58-48D6-AC71-30E610556266}.Release|Any CPU.ActiveCfg = Release|Any CPU
		{1BA87031-7B58-48D6-AC71-30E610556266}.Release|Any CPU.Build.0 = Release|Any CPU
		{6933CD7E-2BF7-43FC-966E-FB8D1BF3754C}.Debug|Any CPU.ActiveCfg = Debug|Any CPU
		{6933CD7E-2BF7-43FC-966E-FB8D1BF3754C}.Debug|Any CPU.Build.0 = Debug|Any CPU
		{6933CD7E-2BF7-43FC-966E-FB8D1BF3754C}.Release|Any CPU.ActiveCfg = Release|Any CPU
		{6933CD7E-2BF7-43FC-966E-FB8D1BF3754C}.Release|Any CPU.Build.0 = Release|Any CPU
	EndGlobalSection
	GlobalSection(SolutionProperties) = preSolution
		HideSolutionNode = FALSE
	EndGlobalSection
	GlobalSection(ExtensibilityGlobals) = postSolution
		SolutionGuid = {2B2B9C0E-27D7-4ADC-8A0C-E2DC3D50F2B3}
	EndGlobalSection
EndGlobal
