
Microsoft Visual Studio Solution File, Format Version 12.00
# Visual Studio Version 16
VisualStudioVersion = 16.0.29123.89
MinimumVisualStudioVersion = 10.0.40219.1
Project("{FAE04EC0-301F-11D3-BF4B-00C04F79EFBC}") = "EmptySeedBucket.DotNetCore", "EmptySeedBucket.DotNetCore\EmptySeedBucket.DotNetCore.csproj", "{9EA836F7-B046-4B9B-BE9A-41CE4FA0C50E}"
EndProject
Project("{FAE04EC0-301F-11D3-BF4B-00C04F79EFBC}") = "EmptySeedBucket.DotNetClassic", "EmptySeedBucket.DotNetClassic\EmptySeedBucket.DotNetClassic.csproj", "{823111A5-A2E3-409B-8833-C98E93DC1110}"
EndProject
Project("{9A19103F-16F7-4668-BE54-9A1E7A4F7556}") = "TypicalSeedBucket.DotNetCore", "TypicalSeedBucket.DotNetCore\TypicalSeedBucket.DotNetCore.csproj", "{A3CFEE91-0A0C-46C2-B6E5-BAD6C9F18B5B}"
EndProject
Global
	GlobalSection(SolutionConfigurationPlatforms) = preSolution
		Debug|Any CPU = Debug|Any CPU
		Release|Any CPU = Release|Any CPU
	EndGlobalSection
	GlobalSection(ProjectConfigurationPlatforms) = postSolution
		{9EA836F7-B046-4B9B-BE9A-41CE4FA0C50E}.Debug|Any CPU.ActiveCfg = Debug|Any CPU
		{9EA836F7-B046-4B9B-BE9A-41CE4FA0C50E}.Debug|Any CPU.Build.0 = Debug|Any CPU
		{9EA836F7-B046-4B9B-BE9A-41CE4FA0C50E}.Release|Any CPU.ActiveCfg = Release|Any CPU
		{9EA836F7-B046-4B9B-BE9A-41CE4FA0C50E}.Release|Any CPU.Build.0 = Release|Any CPU
		{823111A5-A2E3-409B-8833-C98E93DC1110}.Debug|Any CPU.ActiveCfg = Debug|Any CPU
		{823111A5-A2E3-409B-8833-C98E93DC1110}.Debug|Any CPU.Build.0 = Debug|Any CPU
		{823111A5-A2E3-409B-8833-C98E93DC1110}.Release|Any CPU.ActiveCfg = Release|Any CPU
		{823111A5-A2E3-409B-8833-C98E93DC1110}.Release|Any CPU.Build.0 = Release|Any CPU
		{A3CFEE91-0A0C-46C2-B6E5-BAD6C9F18B5B}.Debug|Any CPU.ActiveCfg = Debug|Any CPU
		{A3CFEE91-0A0C-46C2-B6E5-BAD6C9F18B5B}.Debug|Any CPU.Build.0 = Debug|Any CPU
		{A3CFEE91-0A0C-46C2-B6E5-BAD6C9F18B5B}.Release|Any CPU.ActiveCfg = Release|Any CPU
		{A3CFEE91-0A0C-46C2-B6E5-BAD6C9F18B5B}.Release|Any CPU.Build.0 = Release|Any CPU
	EndGlobalSection
	GlobalSection(SolutionProperties) = preSolution
		HideSolutionNode = FALSE
	EndGlobalSection
	GlobalSection(ExtensibilityGlobals) = postSolution
		SolutionGuid = {0A05D851-BDBA-420A-8EDA-BE26ED31BF5E}
	EndGlobalSection
EndGlobal
