
Microsoft Visual Studio Solution File, Format Version 12.00
# Visual Studio Version 16
VisualStudioVersion = 16.0.29021.104
MinimumVisualStudioVersion = 10.0.40219.1
Project("{9A19103F-16F7-4668-BE54-9A1E7A4F7556}") = "NSeed", "NSeed\NSeed.csproj", "{2BDBADEC-CBC5-42B2-9880-337CB7AB4488}"
EndProject
Project("{9A19103F-16F7-4668-BE54-9A1E7A4F7556}") = "Seeds", "Seeds\Seeds.csproj", "{3756CCC6-DD2D-4574-B42A-34B04E44A8A6}"
EndProject
Global
	GlobalSection(SolutionConfigurationPlatforms) = preSolution
		Debug|Any CPU = Debug|Any CPU
		Release|Any CPU = Release|Any CPU
	EndGlobalSection
	GlobalSection(ProjectConfigurationPlatforms) = postSolution
		{2BDBADEC-CBC5-42B2-9880-337CB7AB4488}.Debug|Any CPU.ActiveCfg = Debug|Any CPU
		{2BDBADEC-CBC5-42B2-9880-337CB7AB4488}.Debug|Any CPU.Build.0 = Debug|Any CPU
		{2BDBADEC-CBC5-42B2-9880-337CB7AB4488}.Release|Any CPU.ActiveCfg = Release|Any CPU
		{2BDBADEC-CBC5-42B2-9880-337CB7AB4488}.Release|Any CPU.Build.0 = Release|Any CPU
		{3756CCC6-DD2D-4574-B42A-34B04E44A8A6}.Debug|Any CPU.ActiveCfg = Debug|Any CPU
		{3756CCC6-DD2D-4574-B42A-34B04E44A8A6}.Debug|Any CPU.Build.0 = Debug|Any CPU
		{3756CCC6-DD2D-4574-B42A-34B04E44A8A6}.Release|Any CPU.ActiveCfg = Release|Any CPU
		{3756CCC6-DD2D-4574-B42A-34B04E44A8A6}.Release|Any CPU.Build.0 = Release|Any CPU
	EndGlobalSection
	GlobalSection(SolutionProperties) = preSolution
		HideSolutionNode = FALSE
	EndGlobalSection
	GlobalSection(ExtensibilityGlobals) = postSolution
		SolutionGuid = {C6614028-2664-45CD-89A6-204B858A265C}
	EndGlobalSection
EndGlobal
