
Microsoft Visual Studio Solution File, Format Version 12.00
# Visual Studio Version 16
VisualStudioVersion = 16.0.29021.104
MinimumVisualStudioVersion = 10.0.40219.1
Project("{FAE04EC0-301F-11D3-BF4B-00C04F79EFBC}") = "Example", "Example\Example.csproj", "{C3204B6A-A28D-424E-9B1F-B76827EA0A3B}"
EndProject
Project("{FAE04EC0-301F-11D3-BF4B-00C04F79EFBC}") = "EmbeddedCode", "EmbeddedCode\EmbeddedCode.csproj", "{7BBBC74B-BE9E-415B-A950-8786AAFFDD96}"
EndProject
Global
	GlobalSection(SolutionConfigurationPlatforms) = preSolution
		Debug|Any CPU = Debug|Any CPU
		Release|Any CPU = Release|Any CPU
	EndGlobalSection
	GlobalSection(ProjectConfigurationPlatforms) = postSolution
		{C3204B6A-A28D-424E-9B1F-B76827EA0A3B}.Debug|Any CPU.ActiveCfg = Debug|Any CPU
		{C3204B6A-A28D-424E-9B1F-B76827EA0A3B}.Debug|Any CPU.Build.0 = Debug|Any CPU
		{C3204B6A-A28D-424E-9B1F-B76827EA0A3B}.Release|Any CPU.ActiveCfg = Release|Any CPU
		{C3204B6A-A28D-424E-9B1F-B76827EA0A3B}.Release|Any CPU.Build.0 = Release|Any CPU
		{7BBBC74B-BE9E-415B-A950-8786AAFFDD96}.Debug|Any CPU.ActiveCfg = Debug|Any CPU
		{7BBBC74B-BE9E-415B-A950-8786AAFFDD96}.Debug|Any CPU.Build.0 = Debug|Any CPU
		{7BBBC74B-BE9E-415B-A950-8786AAFFDD96}.Release|Any CPU.ActiveCfg = Release|Any CPU
		{7BBBC74B-BE9E-415B-A950-8786AAFFDD96}.Release|Any CPU.Build.0 = Release|Any CPU
	EndGlobalSection
	GlobalSection(SolutionProperties) = preSolution
		HideSolutionNode = FALSE
	EndGlobalSection
	GlobalSection(ExtensibilityGlobals) = postSolution
		SolutionGuid = {C6614028-2664-45CD-89A6-204B858A265C}
	EndGlobalSection
EndGlobal
