
Microsoft Visual Studio Solution File, Format Version 12.00
# Visual Studio Version 16
VisualStudioVersion = 16.0.29123.89
MinimumVisualStudioVersion = 10.0.40219.1
Project("{FAE04EC0-301F-11D3-BF4B-00C04F79EFBC}") = "Experiment", "Experiment\Experiment.csproj", "{0A7A3C25-530B-421A-9BF7-40CFB2021231}"
EndProject
Global
	GlobalSection(SolutionConfigurationPlatforms) = preSolution
		Debug|Any CPU = Debug|Any CPU
		Release|Any CPU = Release|Any CPU
	EndGlobalSection
	GlobalSection(ProjectConfigurationPlatforms) = postSolution
		{0A7A3C25-530B-421A-9BF7-40CFB2021231}.Debug|Any CPU.ActiveCfg = Debug|Any CPU
		{0A7A3C25-530B-421A-9BF7-40CFB2021231}.Debug|Any CPU.Build.0 = Debug|Any CPU
		{0A7A3C25-530B-421A-9BF7-40CFB2021231}.Release|Any CPU.ActiveCfg = Release|Any CPU
		{0A7A3C25-530B-421A-9BF7-40CFB2021231}.Release|Any CPU.Build.0 = Release|Any CPU
	EndGlobalSection
	GlobalSection(SolutionProperties) = preSolution
		HideSolutionNode = FALSE
	EndGlobalSection
	GlobalSection(ExtensibilityGlobals) = postSolution
		SolutionGuid = {A717C65D-69E1-436B-8EEC-6E38DFAF1727}
	EndGlobalSection
EndGlobal
