
Microsoft Visual Studio Solution File, Format Version 12.00
# Visual Studio Version 16
VisualStudioVersion = 16.0.29215.179
MinimumVisualStudioVersion = 10.0.40219.1
Project("{FAE04EC0-301F-11D3-BF4B-00C04F79EFBC}") = "Seeds", "Seeds\Seeds\Seeds.csproj", "{916398BE-240E-4F9E-8872-DCDF0B15ECF7}"
EndProject
Global
	GlobalSection(SolutionConfigurationPlatforms) = preSolution
		Debug|Any CPU = Debug|Any CPU
		Release|Any CPU = Release|Any CPU
	EndGlobalSection
	GlobalSection(ProjectConfigurationPlatforms) = postSolution
		{916398BE-240E-4F9E-8872-DCDF0B15ECF7}.Debug|Any CPU.ActiveCfg = Debug|Any CPU
		{916398BE-240E-4F9E-8872-DCDF0B15ECF7}.Debug|Any CPU.Build.0 = Debug|Any CPU
		{916398BE-240E-4F9E-8872-DCDF0B15ECF7}.Release|Any CPU.ActiveCfg = Release|Any CPU
		{916398BE-240E-4F9E-8872-DCDF0B15ECF7}.Release|Any CPU.Build.0 = Release|Any CPU
	EndGlobalSection
	GlobalSection(SolutionProperties) = preSolution
		HideSolutionNode = FALSE
	EndGlobalSection
	GlobalSection(ExtensibilityGlobals) = postSolution
		SolutionGuid = {052778E5-7DC8-4B5E-B08C-471C298EC93B}
	EndGlobalSection
EndGlobal
