
Microsoft Visual Studio Solution File, Format Version 12.00
# Visual Studio Version 16
VisualStudioVersion = 16.0.29418.71
MinimumVisualStudioVersion = 10.0.40219.1
Project("{FAE04EC0-301F-11D3-BF4B-00C04F79EFBC}") = "ProccessRunner", "ProccessRunner.csproj", "{8F854318-6805-4824-93FC-7D29865E23D5}"
EndProject
Global
	GlobalSection(SolutionConfigurationPlatforms) = preSolution
		Debug|Any CPU = Debug|Any CPU
		Release|Any CPU = Release|Any CPU
	EndGlobalSection
	GlobalSection(ProjectConfigurationPlatforms) = postSolution
		{8F854318-6805-4824-93FC-7D29865E23D5}.Debug|Any CPU.ActiveCfg = Debug|Any CPU
		{8F854318-6805-4824-93FC-7D29865E23D5}.Debug|Any CPU.Build.0 = Debug|Any CPU
		{8F854318-6805-4824-93FC-7D29865E23D5}.Release|Any CPU.ActiveCfg = Release|Any CPU
		{8F854318-6805-4824-93FC-7D29865E23D5}.Release|Any CPU.Build.0 = Release|Any CPU
	EndGlobalSection
	GlobalSection(SolutionProperties) = preSolution
		HideSolutionNode = FALSE
	EndGlobalSection
	GlobalSection(ExtensibilityGlobals) = postSolution
		SolutionGuid = {6C1DCCFE-8CFB-4368-AB57-AA879782A85B}
	EndGlobalSection
EndGlobal
